
Microsoft Visual Studio Solution File, Format Version 12.00
# Visual Studio 15
VisualStudioVersion = 15.0.28010.2046
MinimumVisualStudioVersion = 10.0.40219.1
Project("{9A19103F-16F7-4668-BE54-9A1E7A4F7556}") = "FakeU", "FakeU\FakeU.csproj", "{A9BCA563-B3F0-4EFC-855F-364BA783EF8A}"
EndProject
Project("{9A19103F-16F7-4668-BE54-9A1E7A4F7556}") = "FakeUAgent", "FakeUAgent\FakeUAgent.csproj", "{D2755612-65AB-46BA-9657-AA2561C232AB}"
EndProject
Project("{FAE04EC0-301F-11D3-BF4B-00C04F79EFBC}") = "FakeUTests", "FakeUTests\FakeUTests.csproj", "{598B28D2-053F-46FE-8BA9-20793CFE9094}"
EndProject
Global
	GlobalSection(SolutionConfigurationPlatforms) = preSolution
		Debug|Any CPU = Debug|Any CPU
		Release|Any CPU = Release|Any CPU
	EndGlobalSection
	GlobalSection(ProjectConfigurationPlatforms) = postSolution
		{A9BCA563-B3F0-4EFC-855F-364BA783EF8A}.Debug|Any CPU.ActiveCfg = Debug|Any CPU
		{A9BCA563-B3F0-4EFC-855F-364BA783EF8A}.Debug|Any CPU.Build.0 = Debug|Any CPU
		{A9BCA563-B3F0-4EFC-855F-364BA783EF8A}.Release|Any CPU.ActiveCfg = Release|Any CPU
		{A9BCA563-B3F0-4EFC-855F-364BA783EF8A}.Release|Any CPU.Build.0 = Release|Any CPU
		{D2755612-65AB-46BA-9657-AA2561C232AB}.Debug|Any CPU.ActiveCfg = Debug|Any CPU
		{D2755612-65AB-46BA-9657-AA2561C232AB}.Debug|Any CPU.Build.0 = Debug|Any CPU
		{D2755612-65AB-46BA-9657-AA2561C232AB}.Release|Any CPU.ActiveCfg = Release|Any CPU
		{D2755612-65AB-46BA-9657-AA2561C232AB}.Release|Any CPU.Build.0 = Release|Any CPU
		{598B28D2-053F-46FE-8BA9-20793CFE9094}.Debug|Any CPU.ActiveCfg = Debug|Any CPU
		{598B28D2-053F-46FE-8BA9-20793CFE9094}.Debug|Any CPU.Build.0 = Debug|Any CPU
		{598B28D2-053F-46FE-8BA9-20793CFE9094}.Release|Any CPU.ActiveCfg = Release|Any CPU
		{598B28D2-053F-46FE-8BA9-20793CFE9094}.Release|Any CPU.Build.0 = Release|Any CPU
	EndGlobalSection
	GlobalSection(SolutionProperties) = preSolution
		HideSolutionNode = FALSE
	EndGlobalSection
	GlobalSection(ExtensibilityGlobals) = postSolution
		SolutionGuid = {6A8DDB83-79EE-46F8-8541-93883241FBB5}
	EndGlobalSection
EndGlobal
